packages:
- package: dbt-labs/audit_helper
  name: audit_helper
  version: 0.10.0
- package: dbt-labs/codegen
  name: codegen
  version: 0.12.1
- package: calogica/dbt_date
  name: dbt_date
  version: 0.10.0
- package: calogica/dbt_expectations
  name: dbt_expectations
  version: 0.10.3
- package: dbt-labs/dbt_project_evaluator
  name: dbt_project_evaluator
  version: 0.8.0
- package: dbt-labs/dbt_utils
  name: dbt_utils
  version: 1.3.0
sha1_hash: 5eb0c86d49665aced631312ecbe6609c318e2202
